{"1.1.0",
[{<<"accept">>,{pkg,<<"accept">>,<<"0.3.5">>},1},
 {<<"counters">>,{pkg,<<"counters">>,<<"0.2.1">>},1},
 {<<"cowboy">>,{pkg,<<"cowboy">>,<<"2.6.1">>},0},
 {<<"cowlib">>,{pkg,<<"cowlib">>,<<"2.7.3">>},1},
 {<<"ctx">>,{pkg,<<"ctx">>,<<"0.5.0">>},1},
 {<<"eper">>,{pkg,<<"eper">>,<<"0.99.1">>},0},
 {<<"opencensus">>,
  {git,"git@github.com:census-instrumentation/opencensus-erlang",
       {ref,"67d20751ba6bbe6600413ec367b2c268058cf9d2"}},
  0},
 {<<"opencensus_erlang_prometheus">>,
  {git,"git@github.com:opencensus-beam/opencensus-prometheus",
       {ref,"1909783ab63fd8a14c347a8dcd83f541782c98de"}},
  0},
 {<<"prometheus">>,{pkg,<<"prometheus">>,<<"4.4.1">>},0},
 {<<"prometheus_httpd">>,{pkg,<<"prometheus_httpd">>,<<"2.1.11">>},0},
 {<<"ranch">>,{pkg,<<"ranch">>,<<"1.7.1">>},1},
 {<<"recon">>,{pkg,<<"recon">>,<<"2.4.0">>},0},
 {<<"rfc3339">>,{pkg,<<"rfc3339">>,<<"0.9.0">>},2},
 {<<"wts">>,{pkg,<<"wts">>,<<"0.3.0">>},1}]}.
[
{pkg_hash,[
 {<<"accept">>, <<"B33B127ABCA7CC948BBE6CAA4C263369ABF1347CFA9D8E699C6D214660F10CD1">>},
 {<<"counters">>, <<"AA3D97E88F92573488987193D0F48EFCE0F3B2CD1443BF4EE760BC7F99322F0C">>},
 {<<"cowboy">>, <<"F2E06F757C337B3B311F9437E6E072B678FCD71545A7B2865BDAA154D078593F">>},
 {<<"cowlib">>, <<"A7FFCD0917E6D50B4D5FB28E9E2085A0CEB3C97DEA310505F7460FF5ED764CE9">>},
 {<<"ctx">>, <<"78E0F16712E12D707A7F34277381B8E193D7C71EAA24D37330DC02477C09EDA5">>},
 {<<"eper">>, <<"A50698B6803B8732AD6575285320999FE73E160A1A9FF7EFCAB6B6F818BD2C1F">>},
 {<<"prometheus">>, <<"1E96073B3ED7788053768FEA779CBC896DDC3BDD9BA60687F2AD50B252AC87D6">>},
 {<<"prometheus_httpd">>, <<"F616ED9B85B536B195D94104063025A91F904A4CFC20255363F49A197D96C896">>},
 {<<"ranch">>, <<"6B1FAB51B49196860B733A49C07604465A47BDB78AA10C1C16A3D199F7F8C881">>},
 {<<"recon">>, <<"901FF78B39C754FB4D6FD72DCF0DBD398967BBD2E4D59C08D4D7AA44A73DE91D">>},
 {<<"rfc3339">>, <<"2075653DC9407541C84B1E15F8BDA2ABE95FB17C9694025E079583F2D19C1060">>},
 {<<"wts">>, <<"5CDF22C775CB1EBAE24C326A5DB6074D753C42F4BD12A9AA47CC62D3E2C71AD1">>}]}
].
